
Microsoft Visual Studio Solution File, Format Version 12.00
Project("{2150E333-8FDC-42A3-9474-1A3956D46DE8}") = "src", "src", "{A81F133F-D3D3-4D2D-BD5B-377ADF7A9FC1}"
EndProject
Project("{2150E333-8FDC-42A3-9474-1A3956D46DE8}") = "tests", "tests", "{67540CED-667A-4D48-9D2E-CE479C1EEF60}"
EndProject
Project("{2150E333-8FDC-42A3-9474-1A3956D46DE8}") = "BuildingBlocks", "BuildingBlocks", "{CA55997B-03B6-4F52-BA2E-84FE9D4A716D}"
EndProject
Project("{FAE04EC0-301F-11D3-BF4B-00C04F79EFBC}") = "SharedKernel", "SharedKernel\SharedKernel.csproj", "{C5AE74B6-3F00-484D-AEB8-CE369B5750A3}"
EndProject
Project("{FAE04EC0-301F-11D3-BF4B-00C04F79EFBC}") = "Infrastructure.Common", "Infrastructure.Common\Infrastructure.Common.csproj", "{2D30338A-619D-42D8-81B2-508CC06EBE42}"
EndProject
Project("{2150E333-8FDC-42A3-9474-1A3956D46DE8}") = "Modules", "Modules", "{A9E3B09C-5833-44EE-9812-751D846052E3}"
EndProject
Project("{2150E333-8FDC-42A3-9474-1A3956D46DE8}") = "Accounts", "Accounts", "{201ABD67-EA6B-4FFF-9B47-B6BC0D978166}"
EndProject
Project("{FAE04EC0-301F-11D3-BF4B-00C04F79EFBC}") = "Accounts.Application", "Accounts.Application\Accounts.Application.csproj", "{FE1E6663-4821-4F74-B5DB-92C2807F9888}"
EndProject
Project("{FAE04EC0-301F-11D3-BF4B-00C04F79EFBC}") = "Accounts.Domain", "Accounts.Domain\Accounts.Domain.csproj", "{DBC9DB20-3229-416D-86A5-ADC45BF7E04F}"
EndProject
Project("{FAE04EC0-301F-11D3-BF4B-00C04F79EFBC}") = "Accounts.Infrastructure", "Accounts.Infrastructure\Accounts.Infrastructure.csproj", "{F7A2AB48-1F85-4AF7-88CC-5656CA95A71A}"
EndProject
Project("{FAE04EC0-301F-11D3-BF4B-00C04F79EFBC}") = "Accounts.API", "Accounts.API\Accounts.API.csproj", "{F850B8BB-54D2-4658-B3B7-EF820FBE1AFA}"
EndProject
Global
	GlobalSection(SolutionConfigurationPlatforms) = preSolution
		Debug|Any CPU = Debug|Any CPU
		Release|Any CPU = Release|Any CPU
	EndGlobalSection
	GlobalSection(NestedProjects) = preSolution
		{CA55997B-03B6-4F52-BA2E-84FE9D4A716D} = {A81F133F-D3D3-4D2D-BD5B-377ADF7A9FC1}
		{C5AE74B6-3F00-484D-AEB8-CE369B5750A3} = {CA55997B-03B6-4F52-BA2E-84FE9D4A716D}
		{2D30338A-619D-42D8-81B2-508CC06EBE42} = {CA55997B-03B6-4F52-BA2E-84FE9D4A716D}
		{A9E3B09C-5833-44EE-9812-751D846052E3} = {A81F133F-D3D3-4D2D-BD5B-377ADF7A9FC1}
		{201ABD67-EA6B-4FFF-9B47-B6BC0D978166} = {A9E3B09C-5833-44EE-9812-751D846052E3}
		{FE1E6663-4821-4F74-B5DB-92C2807F9888} = {201ABD67-EA6B-4FFF-9B47-B6BC0D978166}
		{DBC9DB20-3229-416D-86A5-ADC45BF7E04F} = {201ABD67-EA6B-4FFF-9B47-B6BC0D978166}
		{F7A2AB48-1F85-4AF7-88CC-5656CA95A71A} = {201ABD67-EA6B-4FFF-9B47-B6BC0D978166}
		{F850B8BB-54D2-4658-B3B7-EF820FBE1AFA} = {201ABD67-EA6B-4FFF-9B47-B6BC0D978166}
	EndGlobalSection
	GlobalSection(ProjectConfigurationPlatforms) = postSolution
		{C5AE74B6-3F00-484D-AEB8-CE369B5750A3}.Debug|Any CPU.ActiveCfg = Debug|Any CPU
		{C5AE74B6-3F00-484D-AEB8-CE369B5750A3}.Debug|Any CPU.Build.0 = Debug|Any CPU
		{C5AE74B6-3F00-484D-AEB8-CE369B5750A3}.Release|Any CPU.ActiveCfg = Release|Any CPU
		{C5AE74B6-3F00-484D-AEB8-CE369B5750A3}.Release|Any CPU.Build.0 = Release|Any CPU
		{2D30338A-619D-42D8-81B2-508CC06EBE42}.Debug|Any CPU.ActiveCfg = Debug|Any CPU
		{2D30338A-619D-42D8-81B2-508CC06EBE42}.Debug|Any CPU.Build.0 = Debug|Any CPU
		{2D30338A-619D-42D8-81B2-508CC06EBE42}.Release|Any CPU.ActiveCfg = Release|Any CPU
		{2D30338A-619D-42D8-81B2-508CC06EBE42}.Release|Any CPU.Build.0 = Release|Any CPU
		{FE1E6663-4821-4F74-B5DB-92C2807F9888}.Debug|Any CPU.ActiveCfg = Debug|Any CPU
		{FE1E6663-4821-4F74-B5DB-92C2807F9888}.Debug|Any CPU.Build.0 = Debug|Any CPU
		{FE1E6663-4821-4F74-B5DB-92C2807F9888}.Release|Any CPU.ActiveCfg = Release|Any CPU
		{FE1E6663-4821-4F74-B5DB-92C2807F9888}.Release|Any CPU.Build.0 = Release|Any CPU
		{DBC9DB20-3229-416D-86A5-ADC45BF7E04F}.Debug|Any CPU.ActiveCfg = Debug|Any CPU
		{DBC9DB20-3229-416D-86A5-ADC45BF7E04F}.Debug|Any CPU.Build.0 = Debug|Any CPU
		{DBC9DB20-3229-416D-86A5-ADC45BF7E04F}.Release|Any CPU.ActiveCfg = Release|Any CPU
		{DBC9DB20-3229-416D-86A5-ADC45BF7E04F}.Release|Any CPU.Build.0 = Release|Any CPU
		{F7A2AB48-1F85-4AF7-88CC-5656CA95A71A}.Debug|Any CPU.ActiveCfg = Debug|Any CPU
		{F7A2AB48-1F85-4AF7-88CC-5656CA95A71A}.Debug|Any CPU.Build.0 = Debug|Any CPU
		{F7A2AB48-1F85-4AF7-88CC-5656CA95A71A}.Release|Any CPU.ActiveCfg = Release|Any CPU
		{F7A2AB48-1F85-4AF7-88CC-5656CA95A71A}.Release|Any CPU.Build.0 = Release|Any CPU
		{F850B8BB-54D2-4658-B3B7-EF820FBE1AFA}.Debug|Any CPU.ActiveCfg = Debug|Any CPU
		{F850B8BB-54D2-4658-B3B7-EF820FBE1AFA}.Debug|Any CPU.Build.0 = Debug|Any CPU
		{F850B8BB-54D2-4658-B3B7-EF820FBE1AFA}.Release|Any CPU.ActiveCfg = Release|Any CPU
		{F850B8BB-54D2-4658-B3B7-EF820FBE1AFA}.Release|Any CPU.Build.0 = Release|Any CPU
	EndGlobalSection
EndGlobal
